<?xml version="1.0" encoding="UTF-8" standalone="yes" ?>
<CodeBlocks_project_file>
	<FileVersion major="1" minor="6" />
	<Project>
		<Option title="SGBM_cvui" />
		<Option pch_mode="2" />
		<Option compiler="gcc" />
		<Build>
			<Target title="Debug">
				<Option output="bin/Debug/SGBM_cvui" prefix_auto="1" extension_auto="1" />
				<Option object_output="obj/Debug/" />
				<Option type="1" />
				<Option compiler="gcc" />
				<Compiler>
					<Add option="-g" />
					<Add directory="../../OpenCV-MinGW-Build-OpenCV-4.5.2-x64/include" />
				</Compiler>
				<Linker>
					<Add library="../../OpenCV-MinGW-Build-OpenCV-4.5.2-x64/x64/mingw/lib/libopencv_calib3d452.dll.a" />
					<Add library="../../OpenCV-MinGW-Build-OpenCV-4.5.2-x64/x64/mingw/lib/libopencv_core452.dll.a" />
					<Add library="../../OpenCV-MinGW-Build-OpenCV-4.5.2-x64/x64/mingw/lib/libopencv_dnn452.dll.a" />
					<Add library="../../OpenCV-MinGW-Build-OpenCV-4.5.2-x64/x64/mingw/lib/libopencv_features2d452.dll.a" />
					<Add library="../../OpenCV-MinGW-Build-OpenCV-4.5.2-x64/x64/mingw/lib/libopencv_flann452.dll.a" />
					<Add library="../../OpenCV-MinGW-Build-OpenCV-4.5.2-x64/x64/mingw/lib/libopencv_gapi452.dll.a" />
					<Add library="../../OpenCV-MinGW-Build-OpenCV-4.5.2-x64/x64/mingw/lib/libopencv_highgui452.dll.a" />
					<Add library="../../OpenCV-MinGW-Build-OpenCV-4.5.2-x64/x64/mingw/lib/libopencv_imgcodecs452.dll.a" />
					<Add library="../../OpenCV-MinGW-Build-OpenCV-4.5.2-x64/x64/mingw/lib/libopencv_imgproc452.dll.a" />
					<Add library="../../OpenCV-MinGW-Build-OpenCV-4.5.2-x64/x64/mingw/lib/libopencv_ml452.dll.a" />
					<Add library="../../OpenCV-MinGW-Build-OpenCV-4.5.2-x64/x64/mingw/lib/libopencv_objdetect452.dll.a" />
					<Add library="../../OpenCV-MinGW-Build-OpenCV-4.5.2-x64/x64/mingw/lib/libopencv_photo452.dll.a" />
					<Add library="../../OpenCV-MinGW-Build-OpenCV-4.5.2-x64/x64/mingw/lib/libopencv_stitching452.dll.a" />
					<Add library="../../OpenCV-MinGW-Build-OpenCV-4.5.2-x64/x64/mingw/lib/libopencv_video452.dll.a" />
					<Add library="../../OpenCV-MinGW-Build-OpenCV-4.5.2-x64/x64/mingw/lib/libopencv_videoio452.dll.a" />
					<Add directory="../../OpenCV-MinGW-Build-OpenCV-4.5.2-x64/x64/mingw/lib" />
					<Add directory="../../OpenCV-MinGW-Build-OpenCV-4.5.2-x64/x64/mingw/bin" />
				</Linker>
			</Target>
			<Target title="Release">
				<Option output="bin/Release/SGBM_cvui" prefix_auto="1" extension_auto="1" />
				<Option object_output="obj/Release/" />
				<Option type="1" />
				<Option compiler="gcc" />
				<Compiler>
					<Add option="-O2" />
				</Compiler>
				<Linker>
					<Add option="-s" />
				</Linker>
			</Target>
		</Build>
		<Compiler>
			<Add option="-Wall" />
			<Add option="-fexceptions" />
		</Compiler>
		<Unit filename="main.cpp" />
		<Extensions />
	</Project>
</CodeBlocks_project_file>
